
Microsoft Visual Studio Solution File, Format Version 12.00
# Visual Studio Version 16
VisualStudioVersion = 16.0.29519.87
MinimumVisualStudioVersion = 10.0.40219.1
Project("{FAE04EC0-301F-11D3-BF4B-00C04F79EFBC}") = "EuroDeskBookstoresAssigment", "EuroDeskBookstoresAssigment.csproj", "{59BE9F69-B831-4EF9-93E6-EE119E160BAB}"
EndProject
Global
	GlobalSection(SolutionConfigurationPlatforms) = preSolution
		Debug|Any CPU = Debug|Any CPU
		Release|Any CPU = Release|Any CPU
	EndGlobalSection
	GlobalSection(ProjectConfigurationPlatforms) = postSolution
		{59BE9F69-B831-4EF9-93E6-EE119E160BAB}.Debug|Any CPU.ActiveCfg = Debug|Any CPU
		{59BE9F69-B831-4EF9-93E6-EE119E160BAB}.Debug|Any CPU.Build.0 = Debug|Any CPU
		{59BE9F69-B831-4EF9-93E6-EE119E160BAB}.Release|Any CPU.ActiveCfg = Release|Any CPU
		{59BE9F69-B831-4EF9-93E6-EE119E160BAB}.Release|Any CPU.Build.0 = Release|Any CPU
	EndGlobalSection
	GlobalSection(SolutionProperties) = preSolution
		HideSolutionNode = FALSE
	EndGlobalSection
	GlobalSection(ExtensibilityGlobals) = postSolution
		SolutionGuid = {98D64F42-ECDA-4D78-8F5C-1DC80DCBD120}
	EndGlobalSection
EndGlobal
